// !$*UTF8*$!
{
	archiveVersion = 1;
	classes = {
	};
	objectVersion = 56;
	objects = {

/* Begin PBXBuildFile section */
		CC21908E2BADEF2A001F2EF8 /* MoonshotApp.swift in Sources */ = {isa = PBXBuildFile; fileRef = CC21908D2BADEF2A001F2EF8 /* MoonshotApp.swift */; };
		CC2190902BADEF2A001F2EF8 /* ContentView.swift in Sources */ = {isa = PBXBuildFile; fileRef = CC21908F2BADEF2A001F2EF8 /* ContentView.swift */; };
		CC2190922BADEF2C001F2EF8 /* Assets.xcassets in Resources */ = {isa = PBXBuildFile; fileRef = CC2190912BADEF2C001F2EF8 /* Assets.xcassets */; };
		CC2190952BADEF2C001F2EF8 /* Preview Assets.xcassets in Resources */ = {isa = PBXBuildFile; fileRef = CC2190942BADEF2C001F2EF8 /* Preview Assets.xcassets */; };
		CC21909F2BB33D7C001F2EF8 /* missions.json in Resources */ = {isa = PBXBuildFile; fileRef = CC21909D2BB33D7C001F2EF8 /* missions.json */; };
		CC2190A02BB33D7C001F2EF8 /* astronauts.json in Resources */ = {isa = PBXBuildFile; fileRef = CC21909E2BB33D7C001F2EF8 /* astronauts.json */; };
		CC2190A22BB33DFD001F2EF8 /* Astronaut.swift in Sources */ = {isa = PBXBuildFile; fileRef = CC2190A12BB33DFD001F2EF8 /* Astronaut.swift */; };
		CC2190A42BB33E7A001F2EF8 /* Bundle-Decodable.swift in Sources */ = {isa = PBXBuildFile; fileRef = CC2190A32BB33E7A001F2EF8 /* Bundle-Decodable.swift */; };
		CC2190A62BB342FC001F2EF8 /* Mission.swift in Sources */ = {isa = PBXBuildFile; fileRef = CC2190A52BB342FC001F2EF8 /* Mission.swift */; };
		CC2190A82BB34DC0001F2EF8 /* Color-Theme.swift in Sources */ = {isa = PBXBuildFile; fileRef = CC2190A72BB34DC0001F2EF8 /* Color-Theme.swift */; };
		CC2190AA2BB48B44001F2EF8 /* MissionView.swift in Sources */ = {isa = PBXBuildFile; fileRef = CC2190A92BB48B44001F2EF8 /* MissionView.swift */; };
		CC2190AC2BB49A94001F2EF8 /* AstronautView.swift in Sources */ = {isa = PBXBuildFile; fileRef = CC2190AB2BB49A94001F2EF8 /* AstronautView.swift */; };
		CC2190B62BB5EABC001F2EF8 /* CrewView.swift in Sources */ = {isa = PBXBuildFile; fileRef = CC2190B52BB5EABB001F2EF8 /* CrewView.swift */; };
		CC2190B82BB5EF8F001F2EF8 /* DividerView.swift in Sources */ = {isa = PBXBuildFile; fileRef = CC2190B72BB5EF8F001F2EF8 /* DividerView.swift */; };
/* End PBXBuildFile section */

/* Begin PBXFileReference section */
		CC21908A2BADEF2A001F2EF8 /* Moonshot.app */ = {isa = PBXFileReference; explicitFileType = wrapper.application; includeInIndex = 0; path = Moonshot.app; sourceTree = BUILT_PRODUCTS_DIR; };
		CC21908D2BADEF2A001F2EF8 /* MoonshotApp.swift */ = {isa = PBXFileReference; lastKnownFileType = sourcecode.swift; path = MoonshotApp.swift; sourceTree = "<group>"; };
		CC21908F2BADEF2A001F2EF8 /* ContentView.swift */ = {isa = PBXFileReference; lastKnownFileType = sourcecode.swift; path = ContentView.swift; sourceTree = "<group>"; };
		CC2190912BADEF2C001F2EF8 /* Assets.xcassets */ = {isa = PBXFileReference; lastKnownFileType = folder.assetcatalog; path = Assets.xcassets; sourceTree = "<group>"; };
		CC2190942BADEF2C001F2EF8 /* Preview Assets.xcassets */ = {isa = PBXFileReference; lastKnownFileType = folder.assetcatalog; path = "Preview Assets.xcassets"; sourceTree = "<group>"; };
		CC21909D2BB33D7C001F2EF8 /* missions.json */ = {isa = PBXFileReference; fileEncoding = 4; lastKnownFileType = text.json; path = missions.json; sourceTree = "<group>"; };
		CC21909E2BB33D7C001F2EF8 /* astronauts.json */ = {isa = PBXFileReference; fileEncoding = 4; lastKnownFileType = text.json; path = astronauts.json; sourceTree = "<group>"; };
		CC2190A12BB33DFD001F2EF8 /* Astronaut.swift */ = {isa = PBXFileReference; lastKnownFileType = sourcecode.swift; path = Astronaut.swift; sourceTree = "<group>"; };
		CC2190A32BB33E7A001F2EF8 /* Bundle-Decodable.swift */ = {isa = PBXFileReference; lastKnownFileType = sourcecode.swift; path = "Bundle-Decodable.swift"; sourceTree = "<group>"; };
		CC2190A52BB342FC001F2EF8 /* Mission.swift */ = {isa = PBXFileReference; lastKnownFileType = sourcecode.swift; path = Mission.swift; sourceTree = "<group>"; };
		CC2190A72BB34DC0001F2EF8 /* Color-Theme.swift */ = {isa = PBXFileReference; lastKnownFileType = sourcecode.swift; path = "Color-Theme.swift"; sourceTree = "<group>"; };
		CC2190A92BB48B44001F2EF8 /* MissionView.swift */ = {isa = PBXFileReference; lastKnownFileType = sourcecode.swift; path = MissionView.swift; sourceTree = "<group>"; };
		CC2190AB2BB49A94001F2EF8 /* AstronautView.swift */ = {isa = PBXFileReference; lastKnownFileType = sourcecode.swift; path = AstronautView.swift; sourceTree = "<group>"; };
		CC2190B52BB5EABB001F2EF8 /* CrewView.swift */ = {isa = PBXFileReference; lastKnownFileType = sourcecode.swift; path = CrewView.swift; sourceTree = "<group>"; };
		CC2190B72BB5EF8F001F2EF8 /* DividerView.swift */ = {isa = PBXFileReference; lastKnownFileType = sourcecode.swift; path = DividerView.swift; sourceTree = "<group>"; };
/* End PBXFileReference section */

/* Begin PBXFrameworksBuildPhase section */
		CC2190872BADEF2A001F2EF8 /* Frameworks */ = {
			isa = PBXFrameworksBuildPhase;
			buildActionMask = 2147483647;
			files = (
			);
			runOnlyForDeploymentPostprocessing = 0;
		};
/* End PBXFrameworksBuildPhase section */

/* Begin PBXGroup section */
		CC2190812BADEF2A001F2EF8 = {
			isa = PBXGroup;
			children = (
				CC21908C2BADEF2A001F2EF8 /* Moonshot */,
				CC21908B2BADEF2A001F2EF8 /* Products */,
			);
			sourceTree = "<group>";
		};
		CC21908B2BADEF2A001F2EF8 /* Products */ = {
			isa = PBXGroup;
			children = (
				CC21908A2BADEF2A001F2EF8 /* Moonshot.app */,
			);
			name = Products;
			sourceTree = "<group>";
		};
		CC21908C2BADEF2A001F2EF8 /* Moonshot */ = {
			isa = PBXGroup;
			children = (
				CC21908D2BADEF2A001F2EF8 /* MoonshotApp.swift */,
				CC21908F2BADEF2A001F2EF8 /* ContentView.swift */,
				CC2190A92BB48B44001F2EF8 /* MissionView.swift */,
				CC2190B72BB5EF8F001F2EF8 /* DividerView.swift */,
				CC2190B52BB5EABB001F2EF8 /* CrewView.swift */,
				CC2190AB2BB49A94001F2EF8 /* AstronautView.swift */,
				CC2190A72BB34DC0001F2EF8 /* Color-Theme.swift */,
				CC21909E2BB33D7C001F2EF8 /* astronauts.json */,
				CC2190A12BB33DFD001F2EF8 /* Astronaut.swift */,
				CC2190A32BB33E7A001F2EF8 /* Bundle-Decodable.swift */,
				CC21909D2BB33D7C001F2EF8 /* missions.json */,
				CC2190A52BB342FC001F2EF8 /* Mission.swift */,
				CC2190912BADEF2C001F2EF8 /* Assets.xcassets */,
				CC2190932BADEF2C001F2EF8 /* Preview Content */,
			);
			path = Moonshot;
			sourceTree = "<group>";
		};
		CC2190932BADEF2C001F2EF8 /* Preview Content */ = {
			isa = PBXGroup;
			children = (
				CC2190942BADEF2C001F2EF8 /* Preview Assets.xcassets */,
			);
			path = "Preview Content";
			sourceTree = "<group>";
		};
/* End PBXGroup section */

/* Begin PBXNativeTarget section */
		CC2190892BADEF2A001F2EF8 /* Moonshot */ = {
			isa = PBXNativeTarget;
			buildConfigurationList = CC2190982BADEF2C001F2EF8 /* Build configuration list for PBXNativeTarget "Moonshot" */;
			buildPhases = (
				CC2190862BADEF2A001F2EF8 /* Sources */,
				CC2190872BADEF2A001F2EF8 /* Frameworks */,
				CC2190882BADEF2A001F2EF8 /* Resources */,
			);
			buildRules = (
			);
			dependencies = (
			);
			name = Moonshot;
			productName = Moonshot;
			productReference = CC21908A2BADEF2A001F2EF8 /* Moonshot.app */;
			productType = "com.apple.product-type.application";
		};
/* End PBXNativeTarget section */

/* Begin PBXProject section */
		CC2190822BADEF2A001F2EF8 /* Project object */ = {
			isa = PBXProject;
			attributes = {
				BuildIndependentTargetsInParallel = 1;
				LastSwiftUpdateCheck = 1520;
				LastUpgradeCheck = 1520;
				TargetAttributes = {
					CC2190892BADEF2A001F2EF8 = {
						CreatedOnToolsVersion = 15.2;
					};
				};
			};
			buildConfigurationList = CC2190852BADEF2A001F2EF8 /* Build configuration list for PBXProject "Moonshot" */;
			compatibilityVersion = "Xcode 14.0";
			developmentRegion = en;
			hasScannedForEncodings = 0;
			knownRegions = (
				en,
				Base,
			);
			mainGroup = CC2190812BADEF2A001F2EF8;
			productRefGroup = CC21908B2BADEF2A001F2EF8 /* Products */;
			projectDirPath = "";
			projectRoot = "";
			targets = (
				CC2190892BADEF2A001F2EF8 /* Moonshot */,
			);
		};
/* End PBXProject section */

/* Begin PBXResourcesBuildPhase section */
		CC2190882BADEF2A001F2EF8 /* Resources */ = {
			isa = PBXResourcesBuildPhase;
			buildActionMask = 2147483647;
			files = (
				CC2190952BADEF2C001F2EF8 /* Preview Assets.xcassets in Resources */,
				CC21909F2BB33D7C001F2EF8 /* missions.json in Resources */,
				CC2190922BADEF2C001F2EF8 /* Assets.xcassets in Resources */,
				CC2190A02BB33D7C001F2EF8 /* astronauts.json in Resources */,
			);
			runOnlyForDeploymentPostprocessing = 0;
		};
/* End PBXResourcesBuildPhase section */

/* Begin PBXSourcesBuildPhase section */
		CC2190862BADEF2A001F2EF8 /* Sources */ = {
			isa = PBXSourcesBuildPhase;
			buildActionMask = 2147483647;
			files = (
				CC2190AA2BB48B44001F2EF8 /* MissionView.swift in Sources */,
				CC2190B62BB5EABC001F2EF8 /* CrewView.swift in Sources */,
				CC2190A22BB33DFD001F2EF8 /* Astronaut.swift in Sources */,
				CC2190AC2BB49A94001F2EF8 /* AstronautView.swift in Sources */,
				CC2190B82BB5EF8F001F2EF8 /* DividerView.swift in Sources */,
				CC2190A82BB34DC0001F2EF8 /* Color-Theme.swift in Sources */,
				CC2190902BADEF2A001F2EF8 /* ContentView.swift in Sources */,
				CC21908E2BADEF2A001F2EF8 /* MoonshotApp.swift in Sources */,
				CC2190A62BB342FC001F2EF8 /* Mission.swift in Sources */,
				CC2190A42BB33E7A001F2EF8 /* Bundle-Decodable.swift in Sources */,
			);
			runOnlyForDeploymentPostprocessing = 0;
		};
/* End PBXSourcesBuildPhase section */

/* Begin XCBuildConfiguration section */
		CC2190962BADEF2C001F2EF8 /* Debug */ = {
			isa = XCBuildConfiguration;
			buildSettings = {
				ALWAYS_SEARCH_USER_PATHS = NO;
				ASSETCATALOG_COMPILER_GENERATE_SWIFT_ASSET_SYMBOL_EXTENSIONS = YES;
				CLANG_ANALYZER_NONNULL = YES;
				CLANG_ANALYZER_NUMBER_OBJECT_CONVERSION = YES_AGGRESSIVE;
				CLANG_CXX_LANGUAGE_STANDARD = "gnu++20";
				CLANG_ENABLE_MODULES = YES;
				CLANG_ENABLE_OBJC_ARC = YES;
				CLANG_ENABLE_OBJC_WEAK = YES;
				CLANG_WARN_BLOCK_CAPTURE_AUTORELEASING = YES;
				CLANG_WARN_BOOL_CONVERSION = YES;
				CLANG_WARN_COMMA = YES;
				CLANG_WARN_CONSTANT_CONVERSION = YES;
				CLANG_WARN_DEPRECATED_OBJC_IMPLEMENTATIONS = YES;
				CLANG_WARN_DIRECT_OBJC_ISA_USAGE = YES_ERROR;
				CLANG_WARN_DOCUMENTATION_COMMENTS = YES;
				CLANG_WARN_EMPTY_BODY = YES;
				CLANG_WARN_ENUM_CONVERSION = YES;
				CLANG_WARN_INFINITE_RECURSION = YES;
				CLANG_WARN_INT_CONVERSION = YES;
				CLANG_WARN_NON_LITERAL_NULL_CONVERSION = YES;
				CLANG_WARN_OBJC_IMPLICIT_RETAIN_SELF = YES;
				CLANG_WARN_OBJC_LITERAL_CONVERSION = YES;
				CLANG_WARN_OBJC_ROOT_CLASS = YES_ERROR;
				CLANG_WARN_QUOTED_INCLUDE_IN_FRAMEWORK_HEADER = YES;
				CLANG_WARN_RANGE_LOOP_ANALYSIS = YES;
				CLANG_WARN_STRICT_PROTOTYPES = YES;
				CLANG_WARN_SUSPICIOUS_MOVE = YES;
				CLANG_WARN_UNGUARDED_AVAILABILITY = YES_AGGRESSIVE;
				CLANG_WARN_UNREACHABLE_CODE = YES;
				CLANG_WARN__DUPLICATE_METHOD_MATCH = YES;
				COPY_PHASE_STRIP = NO;
				DEBUG_INFORMATION_FORMAT = dwarf;
				ENABLE_STRICT_OBJC_MSGSEND = YES;
				ENABLE_TESTABILITY = YES;
				ENABLE_USER_SCRIPT_SANDBOXING = YES;
				GCC_C_LANGUAGE_STANDARD = gnu17;
				GCC_DYNAMIC_NO_PIC = NO;
				GCC_NO_COMMON_BLOCKS = YES;
				GCC_OPTIMIZATION_LEVEL = 0;
				GCC_PREPROCESSOR_DEFINITIONS = (
					"DEBUG=1",
					"$(inherited)",
				);
				GCC_WARN_64_TO_32_BIT_CONVERSION = YES;
				GCC_WARN_ABOUT_RETURN_TYPE = YES_ERROR;
				GCC_WARN_UNDECLARED_SELECTOR = YES;
				GCC_WARN_UNINITIALIZED_AUTOS = YES_AGGRESSIVE;
				GCC_WARN_UNUSED_FUNCTION = YES;
				GCC_WARN_UNUSED_VARIABLE = YES;
				IPHONEOS_DEPLOYMENT_TARGET = 17.2;
				LOCALIZATION_PREFERS_STRING_CATALOGS = YES;
				MTL_ENABLE_DEBUG_INFO = INCLUDE_SOURCE;
				MTL_FAST_MATH = YES;
				ONLY_ACTIVE_ARCH = YES;
				SDKROOT = iphoneos;
				SWIFT_ACTIVE_COMPILATION_CONDITIONS = "DEBUG $(inherited)";
				SWIFT_OPTIMIZATION_LEVEL = "-Onone";
			};
			name = Debug;
		};
		CC2190972BADEF2C001F2EF8 /* Release */ = {
			isa = XCBuildConfiguration;
			buildSettings = {
				ALWAYS_SEARCH_USER_PATHS = NO;
				ASSETCATALOG_COMPILER_GENERATE_SWIFT_ASSET_SYMBOL_EXTENSIONS = YES;
				CLANG_ANALYZER_NONNULL = YES;
				CLANG_ANALYZER_NUMBER_OBJECT_CONVERSION = YES_AGGRESSIVE;
				CLANG_CXX_LANGUAGE_STANDARD = "gnu++20";
				CLANG_ENABLE_MODULES = YES;
				CLANG_ENABLE_OBJC_ARC = YES;
				CLANG_ENABLE_OBJC_WEAK = YES;
				CLANG_WARN_BLOCK_CAPTURE_AUTORELEASING = YES;
				CLANG_WARN_BOOL_CONVERSION = YES;
				CLANG_WARN_COMMA = YES;
				CLANG_WARN_CONSTANT_CONVERSION = YES;
				CLANG_WARN_DEPRECATED_OBJC_IMPLEMENTATIONS = YES;
				CLANG_WARN_DIRECT_OBJC_ISA_USAGE = YES_ERROR;
				CLANG_WARN_DOCUMENTATION_COMMENTS = YES;
				CLANG_WARN_EMPTY_BODY = YES;
				CLANG_WARN_ENUM_CONVERSION = YES;
				CLANG_WARN_INFINITE_RECURSION = YES;
				CLANG_WARN_INT_CONVERSION = YES;
				CLANG_WARN_NON_LITERAL_NULL_CONVERSION = YES;
				CLANG_WARN_OBJC_IMPLICIT_RETAIN_SELF = YES;
				CLANG_WARN_OBJC_LITERAL_CONVERSION = YES;
				CLANG_WARN_OBJC_ROOT_CLASS = YES_ERROR;
				CLANG_WARN_QUOTED_INCLUDE_IN_FRAMEWORK_HEADER = YES;
				CLANG_WARN_RANGE_LOOP_ANALYSIS = YES;
				CLANG_WARN_STRICT_PROTOTYPES = YES;
				CLANG_WARN_SUSPICIOUS_MOVE = YES;
				CLANG_WARN_UNGUARDED_AVAILABILITY = YES_AGGRESSIVE;
				CLANG_WARN_UNREACHABLE_CODE = YES;
				CLANG_WARN__DUPLICATE_METHOD_MATCH = YES;
				COPY_PHASE_STRIP = NO;
				DEBUG_INFORMATION_FORMAT = "dwarf-with-dsym";
				ENABLE_NS_ASSERTIONS = NO;
				ENABLE_STRICT_OBJC_MSGSEND = YES;
				ENABLE_USER_SCRIPT_SANDBOXING = YES;
				GCC_C_LANGUAGE_STANDARD = gnu17;
				GCC_NO_COMMON_BLOCKS = YES;
				GCC_WARN_64_TO_32_BIT_CONVERSION = YES;
				GCC_WARN_ABOUT_RETURN_TYPE = YES_ERROR;
				GCC_WARN_UNDECLARED_SELECTOR = YES;
				GCC_WARN_UNINITIALIZED_AUTOS = YES_AGGRESSIVE;
				GCC_WARN_UNUSED_FUNCTION = YES;
				GCC_WARN_UNUSED_VARIABLE = YES;
				IPHONEOS_DEPLOYMENT_TARGET = 17.2;
				LOCALIZATION_PREFERS_STRING_CATALOGS = YES;
				MTL_ENABLE_DEBUG_INFO = NO;
				MTL_FAST_MATH = YES;
				SDKROOT = iphoneos;
				SWIFT_COMPILATION_MODE = wholemodule;
				VALIDATE_PRODUCT = YES;
			};
			name = Release;
		};
		CC2190992BADEF2C001F2EF8 /* Debug */ = {
			isa = XCBuildConfiguration;
			buildSettings = {
				ASSETCATALOG_COMPILER_APPICON_NAME = AppIcon;
				ASSETCATALOG_COMPILER_GLOBAL_ACCENT_COLOR_NAME = AccentColor;
				CODE_SIGN_STYLE = Automatic;
				CURRENT_PROJECT_VERSION = 1;
				DEVELOPMENT_ASSET_PATHS = "\"Moonshot/Preview Content\"";
				DEVELOPMENT_TEAM = DMJYXRY4CM;
				ENABLE_PREVIEWS = YES;
				GENERATE_INFOPLIST_FILE = YES;
				INFOPLIST_KEY_UIApplicationSceneManifest_Generation = YES;
				INFOPLIST_KEY_UIApplicationSupportsIndirectInputEvents = YES;
				INFOPLIST_KEY_UILaunchScreen_Generation = YES;
				INFOPLIST_KEY_UISupportedInterfaceOrientations_iPad = "UIInterfaceOrientationPortrait UIInterfaceOrientationPortraitUpsideDown UIInterfaceOrientationLandscapeLeft UIInterfaceOrientationLandscapeRight";
				INFOPLIST_KEY_UISupportedInterfaceOrientations_iPhone = "UIInterfaceOrientationPortrait UIInterfaceOrientationLandscapeLeft UIInterfaceOrientationLandscapeRight";
				LD_RUNPATH_SEARCH_PATHS = (
					"$(inherited)",
					"@executable_path/Frameworks",
				);
				MARKETING_VERSION = 1.0;
				PRODUCT_BUNDLE_IDENTIFIER = com.wesmacdonald.Moonshot;
				PRODUCT_NAME = "$(TARGET_NAME)";
				SWIFT_EMIT_LOC_STRINGS = YES;
				SWIFT_VERSION = 5.0;
				TARGETED_DEVICE_FAMILY = "1,2";
			};
			name = Debug;
		};
		CC21909A2BADEF2C001F2EF8 /* Release */ = {
			isa = XCBuildConfiguration;
			buildSettings = {
				ASSETCATALOG_COMPILER_APPICON_NAME = AppIcon;
				ASSETCATALOG_COMPILER_GLOBAL_ACCENT_COLOR_NAME = AccentColor;
				CODE_SIGN_STYLE = Automatic;
				CURRENT_PROJECT_VERSION = 1;
				DEVELOPMENT_ASSET_PATHS = "\"Moonshot/Preview Content\"";
				DEVELOPMENT_TEAM = DMJYXRY4CM;
				ENABLE_PREVIEWS = YES;
				GENERATE_INFOPLIST_FILE = YES;
				INFOPLIST_KEY_UIApplicationSceneManifest_Generation = YES;
				INFOPLIST_KEY_UIApplicationSupportsIndirectInputEvents = YES;
				INFOPLIST_KEY_UILaunchScreen_Generation = YES;
				INFOPLIST_KEY_UISupportedInterfaceOrientations_iPad = "UIInterfaceOrientationPortrait UIInterfaceOrientationPortraitUpsideDown UIInterfaceOrientationLandscapeLeft UIInterfaceOrientationLandscapeRight";
				INFOPLIST_KEY_UISupportedInterfaceOrientations_iPhone = "UIInterfaceOrientationPortrait UIInterfaceOrientationLandscapeLeft UIInterfaceOrientationLandscapeRight";
				LD_RUNPATH_SEARCH_PATHS = (
					"$(inherited)",
					"@executable_path/Frameworks",
				);
				MARKETING_VERSION = 1.0;
				PRODUCT_BUNDLE_IDENTIFIER = com.wesmacdonald.Moonshot;
				PRODUCT_NAME = "$(TARGET_NAME)";
				SWIFT_EMIT_LOC_STRINGS = YES;
				SWIFT_VERSION = 5.0;
				TARGETED_DEVICE_FAMILY = "1,2";
			};
			name = Release;
		};
/* End XCBuildConfiguration section */

/* Begin XCConfigurationList section */
		CC2190852BADEF2A001F2EF8 /* Build configuration list for PBXProject "Moonshot" */ = {
			isa = XCConfigurationList;
			buildConfigurations = (
				CC2190962BADEF2C001F2EF8 /* Debug */,
				CC2190972BADEF2C001F2EF8 /* Release */,
			);
			defaultConfigurationIsVisible = 0;
			defaultConfigurationName = Release;
		};
		CC2190982BADEF2C001F2EF8 /* Build configuration list for PBXNativeTarget "Moonshot" */ = {
			isa = XCConfigurationList;
			buildConfigurations = (
				CC2190992BADEF2C001F2EF8 /* Debug */,
				CC21909A2BADEF2C001F2EF8 /* Release */,
			);
			defaultConfigurationIsVisible = 0;
			defaultConfigurationName = Release;
		};
/* End XCConfigurationList section */
	};
	rootObject = CC2190822BADEF2A001F2EF8 /* Project object */;
}
